{
  "name": "taxi-data-engineering",
  "lockfileVersion": 3,
  "requires": true,
  "packages": {
    "": {
      "dependencies": {
        "@dataform/core": "3.0.52"
      }
    },
    "node_modules/@dataform/core": {
      "version": "3.0.52",
      "resolved": "https://registry.npmjs.org/@dataform/core/-/core-3.0.52.tgz",
      "integrity": "sha512-rpjTMWqzdfyL0D+PHa2cQLQ2mKNNOaLrckONpWIDYvNpgzP7K/j4D3HWnUNH+gfea2ycka9f6VvMP2QVKGlnYw==",
      "license": "Apache-2.0"
    }
  }
}
